github.com/golang/example v0.0.0-20170904185048-46695d81d1fa h1:iqCQC2Z53KkwGgTN9szyL4q0OQHmuNjeoNnMT6lk66k=
github.com/golang/example v0.0.0-20170904185048-46695d81d1fa/go.mod h1:tO/5UvQ/uKigUjQBPqzstj6uxd3fUIjddi19DxGJeWg=
github.com/shawnwollenberg/goReverseString v0.0.0-20200809160252-baaa2edb4d92 h1:QK5o6hI7fwocBfwgbE1fUTUmZrMBjJFPVL7V1Ctgwow=
github.com/shawnwollenberg/goReverseString v0.0.0-20200809160252-baaa2edb4d92/go.mod h1:pCu47LLub6WSd9IpE/jX4eXF80TDgvATbrDXaMqedUE=
